// !$*UTF8*$!
{
	archiveVersion = 1;
	classes = {
	};
	objectVersion = 50;
	objects = {

/* Begin PBXBuildFile section */
		22106499235FBE820034E965 /* Theme.swift in Sources */ = {isa = PBXBuildFile; fileRef = 22106498235FBE820034E965 /* Theme.swift */; };
		2210649B235FE0450034E965 /* Int_Extension.swift in Sources */ = {isa = PBXBuildFile; fileRef = 2210649A235FE0450034E965 /* Int_Extension.swift */; };
		2210649D235FEBE20034E965 /* File.swift in Sources */ = {isa = PBXBuildFile; fileRef = 2210649C235FEBE20034E965 /* File.swift */; };
		222BBDC9235D55C70087B2FC /* Card.swift in Sources */ = {isa = PBXBuildFile; fileRef = 222BBDC8235D55C70087B2FC /* Card.swift */; };
		222BBDCB235D56610087B2FC /* Concentration.swift in Sources */ = {isa = PBXBuildFile; fileRef = 222BBDCA235D56610087B2FC /* Concentration.swift */; };
		2249F6232369784A00A5AF17 /* ThemeChooser.swift in Sources */ = {isa = PBXBuildFile; fileRef = 2249F6222369784A00A5AF17 /* ThemeChooser.swift */; };
		22857E56235D26B500F8AF46 /* AppDelegate.swift in Sources */ = {isa = PBXBuildFile; fileRef = 22857E55235D26B500F8AF46 /* AppDelegate.swift */; };
		22857E58235D26B500F8AF46 /* SceneDelegate.swift in Sources */ = {isa = PBXBuildFile; fileRef = 22857E57235D26B500F8AF46 /* SceneDelegate.swift */; };
		22857E5A235D26B500F8AF46 /* ConcentrationViewController.swift in Sources */ = {isa = PBXBuildFile; fileRef = 22857E59235D26B500F8AF46 /* ConcentrationViewController.swift */; };
		22857E5D235D26B500F8AF46 /* Main.storyboard in Resources */ = {isa = PBXBuildFile; fileRef = 22857E5B235D26B500F8AF46 /* Main.storyboard */; };
		22857E5F235D26BC00F8AF46 /* Assets.xcassets in Resources */ = {isa = PBXBuildFile; fileRef = 22857E5E235D26BC00F8AF46 /* Assets.xcassets */; };
		22857E62235D26BC00F8AF46 /* LaunchScreen.storyboard in Resources */ = {isa = PBXBuildFile; fileRef = 22857E60235D26BC00F8AF46 /* LaunchScreen.storyboard */; };
		22857E6D235D26BC00F8AF46 /* ConcentrationTests.swift in Sources */ = {isa = PBXBuildFile; fileRef = 22857E6C235D26BC00F8AF46 /* ConcentrationTests.swift */; };
		22857E78235D26BC00F8AF46 /* ConcentrationUITests.swift in Sources */ = {isa = PBXBuildFile; fileRef = 22857E77235D26BC00F8AF46 /* ConcentrationUITests.swift */; };
/* End PBXBuildFile section */

/* Begin PBXContainerItemProxy section */
		22857E69235D26BC00F8AF46 /* PBXContainerItemProxy */ = {
			isa = PBXContainerItemProxy;
			containerPortal = 22857E4A235D26B500F8AF46 /* Project object */;
			proxyType = 1;
			remoteGlobalIDString = 22857E51235D26B500F8AF46;
			remoteInfo = Concentration;
		};
		22857E74235D26BC00F8AF46 /* PBXContainerItemProxy */ = {
			isa = PBXContainerItemProxy;
			containerPortal = 22857E4A235D26B500F8AF46 /* Project object */;
			proxyType = 1;
			remoteGlobalIDString = 22857E51235D26B500F8AF46;
			remoteInfo = Concentration;
		};
/* End PBXContainerItemProxy section */

/* Begin PBXFileReference section */
		22106498235FBE820034E965 /* Theme.swift */ = {isa = PBXFileReference; lastKnownFileType = sourcecode.swift; path = Theme.swift; sourceTree = "<group>"; };
		2210649A235FE0450034E965 /* Int_Extension.swift */ = {isa = PBXFileReference; lastKnownFileType = sourcecode.swift; path = Int_Extension.swift; sourceTree = "<group>"; };
		2210649C235FEBE20034E965 /* File.swift */ = {isa = PBXFileReference; lastKnownFileType = sourcecode.swift; path = File.swift; sourceTree = "<group>"; };
		222BBDC8235D55C70087B2FC /* Card.swift */ = {isa = PBXFileReference; lastKnownFileType = sourcecode.swift; path = Card.swift; sourceTree = "<group>"; };
		222BBDCA235D56610087B2FC /* Concentration.swift */ = {isa = PBXFileReference; lastKnownFileType = sourcecode.swift; path = Concentration.swift; sourceTree = "<group>"; };
		2249F6222369784A00A5AF17 /* ThemeChooser.swift */ = {isa = PBXFileReference; lastKnownFileType = sourcecode.swift; path = ThemeChooser.swift; sourceTree = "<group>"; };
		22857E52235D26B500F8AF46 /* Concentration.app */ = {isa = PBXFileReference; explicitFileType = wrapper.application; includeInIndex = 0; path = Concentration.app; sourceTree = BUILT_PRODUCTS_DIR; };
		22857E55235D26B500F8AF46 /* AppDelegate.swift */ = {isa = PBXFileReference; lastKnownFileType = sourcecode.swift; path = AppDelegate.swift; sourceTree = "<group>"; };
		22857E57235D26B500F8AF46 /* SceneDelegate.swift */ = {isa = PBXFileReference; lastKnownFileType = sourcecode.swift; path = SceneDelegate.swift; sourceTree = "<group>"; };
		22857E59235D26B500F8AF46 /* ConcentrationViewController.swift */ = {isa = PBXFileReference; lastKnownFileType = sourcecode.swift; path = ConcentrationViewController.swift; sourceTree = "<group>"; };
		22857E5C235D26B500F8AF46 /* Base */ = {isa = PBXFileReference; lastKnownFileType = file.storyboard; name = Base; path = Base.lproj/Main.storyboard; sourceTree = "<group>"; };
		22857E5E235D26BC00F8AF46 /* Assets.xcassets */ = {isa = PBXFileReference; lastKnownFileType = folder.assetcatalog; path = Assets.xcassets; sourceTree = "<group>"; };
		22857E61235D26BC00F8AF46 /* Base */ = {isa = PBXFileReference; lastKnownFileType = file.storyboard; name = Base; path = Base.lproj/LaunchScreen.storyboard; sourceTree = "<group>"; };
		22857E63235D26BC00F8AF46 /* Info.plist */ = {isa = PBXFileReference; lastKnownFileType = text.plist.xml; path = Info.plist; sourceTree = "<group>"; };
		22857E68235D26BC00F8AF46 /* ConcentrationTests.xctest */ = {isa = PBXFileReference; explicitFileType = wrapper.cfbundle; includeInIndex = 0; path = ConcentrationTests.xctest; sourceTree = BUILT_PRODUCTS_DIR; };
		22857E6C235D26BC00F8AF46 /* ConcentrationTests.swift */ = {isa = PBXFileReference; lastKnownFileType = sourcecode.swift; path = ConcentrationTests.swift; sourceTree = "<group>"; };
		22857E6E235D26BC00F8AF46 /* Info.plist */ = {isa = PBXFileReference; lastKnownFileType = text.plist.xml; path = Info.plist; sourceTree = "<group>"; };
		22857E73235D26BC00F8AF46 /* ConcentrationUITests.xctest */ = {isa = PBXFileReference; explicitFileType = wrapper.cfbundle; includeInIndex = 0; path = ConcentrationUITests.xctest; sourceTree = BUILT_PRODUCTS_DIR; };
		22857E77235D26BC00F8AF46 /* ConcentrationUITests.swift */ = {isa = PBXFileReference; lastKnownFileType = sourcecode.swift; path = ConcentrationUITests.swift; sourceTree = "<group>"; };
		22857E79235D26BC00F8AF46 /* Info.plist */ = {isa = PBXFileReference; lastKnownFileType = text.plist.xml; path = Info.plist; sourceTree = "<group>"; };
/* End PBXFileReference section */

/* Begin PBXFrameworksBuildPhase section */
		22857E4F235D26B500F8AF46 /* Frameworks */ = {
			isa = PBXFrameworksBuildPhase;
			buildActionMask = 2147483647;
			files = (
			);
			runOnlyForDeploymentPostprocessing = 0;
		};
		22857E65235D26BC00F8AF46 /* Frameworks */ = {
			isa = PBXFrameworksBuildPhase;
			buildActionMask = 2147483647;
			files = (
			);
			runOnlyForDeploymentPostprocessing = 0;
		};
		22857E70235D26BC00F8AF46 /* Frameworks */ = {
			isa = PBXFrameworksBuildPhase;
			buildActionMask = 2147483647;
			files = (
			);
			runOnlyForDeploymentPostprocessing = 0;
		};
/* End PBXFrameworksBuildPhase section */

/* Begin PBXGroup section */
		222BBDC7235D55B40087B2FC /* Model */ = {
			isa = PBXGroup;
			children = (
				222BBDC8235D55C70087B2FC /* Card.swift */,
				222BBDCA235D56610087B2FC /* Concentration.swift */,
				22106498235FBE820034E965 /* Theme.swift */,
				2210649A235FE0450034E965 /* Int_Extension.swift */,
				2210649C235FEBE20034E965 /* File.swift */,
			);
			path = Model;
			sourceTree = "<group>";
		};
		2249F6212369782400A5AF17 /* Controller */ = {
			isa = PBXGroup;
			children = (
				22857E59235D26B500F8AF46 /* ConcentrationViewController.swift */,
				2249F6222369784A00A5AF17 /* ThemeChooser.swift */,
			);
			path = Controller;
			sourceTree = "<group>";
		};
		22857E49235D26B500F8AF46 = {
			isa = PBXGroup;
			children = (
				22857E54235D26B500F8AF46 /* Concentration */,
				22857E6B235D26BC00F8AF46 /* ConcentrationTests */,
				22857E76235D26BC00F8AF46 /* ConcentrationUITests */,
				22857E53235D26B500F8AF46 /* Products */,
			);
			sourceTree = "<group>";
		};
		22857E53235D26B500F8AF46 /* Products */ = {
			isa = PBXGroup;
			children = (
				22857E52235D26B500F8AF46 /* Concentration.app */,
				22857E68235D26BC00F8AF46 /* ConcentrationTests.xctest */,
				22857E73235D26BC00F8AF46 /* ConcentrationUITests.xctest */,
			);
			name = Products;
			sourceTree = "<group>";
		};
		22857E54235D26B500F8AF46 /* Concentration */ = {
			isa = PBXGroup;
			children = (
				2249F6212369782400A5AF17 /* Controller */,
				222BBDC7235D55B40087B2FC /* Model */,
				22857E55235D26B500F8AF46 /* AppDelegate.swift */,
				22857E57235D26B500F8AF46 /* SceneDelegate.swift */,
				22857E5B235D26B500F8AF46 /* Main.storyboard */,
				22857E5E235D26BC00F8AF46 /* Assets.xcassets */,
				22857E60235D26BC00F8AF46 /* LaunchScreen.storyboard */,
				22857E63235D26BC00F8AF46 /* Info.plist */,
			);
			path = Concentration;
			sourceTree = "<group>";
		};
		22857E6B235D26BC00F8AF46 /* ConcentrationTests */ = {
			isa = PBXGroup;
			children = (
				22857E6C235D26BC00F8AF46 /* ConcentrationTests.swift */,
				22857E6E235D26BC00F8AF46 /* Info.plist */,
			);
			path = ConcentrationTests;
			sourceTree = "<group>";
		};
		22857E76235D26BC00F8AF46 /* ConcentrationUITests */ = {
			isa = PBXGroup;
			children = (
				22857E77235D26BC00F8AF46 /* ConcentrationUITests.swift */,
				22857E79235D26BC00F8AF46 /* Info.plist */,
			);
			path = ConcentrationUITests;
			sourceTree = "<group>";
		};
/* End PBXGroup section */

/* Begin PBXNativeTarget section */
		22857E51235D26B500F8AF46 /* Concentration */ = {
			isa = PBXNativeTarget;
			buildConfigurationList = 22857E7C235D26BC00F8AF46 /* Build configuration list for PBXNativeTarget "Concentration" */;
			buildPhases = (
				22857E4E235D26B500F8AF46 /* Sources */,
				22857E4F235D26B500F8AF46 /* Frameworks */,
				22857E50235D26B500F8AF46 /* Resources */,
			);
			buildRules = (
			);
			dependencies = (
			);
			name = Concentration;
			productName = Concentration;
			productReference = 22857E52235D26B500F8AF46 /* Concentration.app */;
			productType = "com.apple.product-type.application";
		};
		22857E67235D26BC00F8AF46 /* ConcentrationTests */ = {
			isa = PBXNativeTarget;
			buildConfigurationList = 22857E7F235D26BC00F8AF46 /* Build configuration list for PBXNativeTarget "ConcentrationTests" */;
			buildPhases = (
				22857E64235D26BC00F8AF46 /* Sources */,
				22857E65235D26BC00F8AF46 /* Frameworks */,
				22857E66235D26BC00F8AF46 /* Resources */,
			);
			buildRules = (
			);
			dependencies = (
				22857E6A235D26BC00F8AF46 /* PBXTargetDependency */,
			);
			name = ConcentrationTests;
			productName = ConcentrationTests;
			productReference = 22857E68235D26BC00F8AF46 /* ConcentrationTests.xctest */;
			productType = "com.apple.product-type.bundle.unit-test";
		};
		22857E72235D26BC00F8AF46 /* ConcentrationUITests */ = {
			isa = PBXNativeTarget;
			buildConfigurationList = 22857E82235D26BC00F8AF46 /* Build configuration list for PBXNativeTarget "ConcentrationUITests" */;
			buildPhases = (
				22857E6F235D26BC00F8AF46 /* Sources */,
				22857E70235D26BC00F8AF46 /* Frameworks */,
				22857E71235D26BC00F8AF46 /* Resources */,
			);
			buildRules = (
			);
			dependencies = (
				22857E75235D26BC00F8AF46 /* PBXTargetDependency */,
			);
			name = ConcentrationUITests;
			productName = ConcentrationUITests;
			productReference = 22857E73235D26BC00F8AF46 /* ConcentrationUITests.xctest */;
			productType = "com.apple.product-type.bundle.ui-testing";
		};
/* End PBXNativeTarget section */

/* Begin PBXProject section */
		22857E4A235D26B500F8AF46 /* Project object */ = {
			isa = PBXProject;
			attributes = {
				LastSwiftUpdateCheck = 1110;
				LastUpgradeCheck = 1110;
				ORGANIZATIONNAME = "Sam G";
				TargetAttributes = {
					22857E51235D26B500F8AF46 = {
						CreatedOnToolsVersion = 11.1;
					};
					22857E67235D26BC00F8AF46 = {
						CreatedOnToolsVersion = 11.1;
						TestTargetID = 22857E51235D26B500F8AF46;
					};
					22857E72235D26BC00F8AF46 = {
						CreatedOnToolsVersion = 11.1;
						TestTargetID = 22857E51235D26B500F8AF46;
					};
				};
			};
			buildConfigurationList = 22857E4D235D26B500F8AF46 /* Build configuration list for PBXProject "Concentration" */;
			compatibilityVersion = "Xcode 9.3";
			developmentRegion = en;
			hasScannedForEncodings = 0;
			knownRegions = (
				en,
				Base,
			);
			mainGroup = 22857E49235D26B500F8AF46;
			productRefGroup = 22857E53235D26B500F8AF46 /* Products */;
			projectDirPath = "";
			projectRoot = "";
			targets = (
				22857E51235D26B500F8AF46 /* Concentration */,
				22857E67235D26BC00F8AF46 /* ConcentrationTests */,
				22857E72235D26BC00F8AF46 /* ConcentrationUITests */,
			);
		};
/* End PBXProject section */

/* Begin PBXResourcesBuildPhase section */
		22857E50235D26B500F8AF46 /* Resources */ = {
			isa = PBXResourcesBuildPhase;
			buildActionMask = 2147483647;
			files = (
				22857E62235D26BC00F8AF46 /* LaunchScreen.storyboard in Resources */,
				22857E5F235D26BC00F8AF46 /* Assets.xcassets in Resources */,
				22857E5D235D26B500F8AF46 /* Main.storyboard in Resources */,
			);
			runOnlyForDeploymentPostprocessing = 0;
		};
		22857E66235D26BC00F8AF46 /* Resources */ = {
			isa = PBXResourcesBuildPhase;
			buildActionMask = 2147483647;
			files = (
			);
			runOnlyForDeploymentPostprocessing = 0;
		};
		22857E71235D26BC00F8AF46 /* Resources */ = {
			isa = PBXResourcesBuildPhase;
			buildActionMask = 2147483647;
			files = (
			);
			runOnlyForDeploymentPostprocessing = 0;
		};
/* End PBXResourcesBuildPhase section */

/* Begin PBXSourcesBuildPhase section */
		22857E4E235D26B500F8AF46 /* Sources */ = {
			isa = PBXSourcesBuildPhase;
			buildActionMask = 2147483647;
			files = (
				22857E5A235D26B500F8AF46 /* ConcentrationViewController.swift in Sources */,
				2249F6232369784A00A5AF17 /* ThemeChooser.swift in Sources */,
				22106499235FBE820034E965 /* Theme.swift in Sources */,
				222BBDCB235D56610087B2FC /* Concentration.swift in Sources */,
				22857E56235D26B500F8AF46 /* AppDelegate.swift in Sources */,
				2210649B235FE0450034E965 /* Int_Extension.swift in Sources */,
				2210649D235FEBE20034E965 /* File.swift in Sources */,
				22857E58235D26B500F8AF46 /* SceneDelegate.swift in Sources */,
				222BBDC9235D55C70087B2FC /* Card.swift in Sources */,
			);
			runOnlyForDeploymentPostprocessing = 0;
		};
		22857E64235D26BC00F8AF46 /* Sources */ = {
			isa = PBXSourcesBuildPhase;
			buildActionMask = 2147483647;
			files = (
				22857E6D235D26BC00F8AF46 /* ConcentrationTests.swift in Sources */,
			);
			runOnlyForDeploymentPostprocessing = 0;
		};
		22857E6F235D26BC00F8AF46 /* Sources */ = {
			isa = PBXSourcesBuildPhase;
			buildActionMask = 2147483647;
			files = (
				22857E78235D26BC00F8AF46 /* ConcentrationUITests.swift in Sources */,
			);
			runOnlyForDeploymentPostprocessing = 0;
		};
/* End PBXSourcesBuildPhase section */

/* Begin PBXTargetDependency section */
		22857E6A235D26BC00F8AF46 /* PBXTargetDependency */ = {
			isa = PBXTargetDependency;
			target = 22857E51235D26B500F8AF46 /* Concentration */;
			targetProxy = 22857E69235D26BC00F8AF46 /* PBXContainerItemProxy */;
		};
		22857E75235D26BC00F8AF46 /* PBXTargetDependency */ = {
			isa = PBXTargetDependency;
			target = 22857E51235D26B500F8AF46 /* Concentration */;
			targetProxy = 22857E74235D26BC00F8AF46 /* PBXContainerItemProxy */;
		};
/* End PBXTargetDependency section */

/* Begin PBXVariantGroup section */
		22857E5B235D26B500F8AF46 /* Main.storyboard */ = {
			isa = PBXVariantGroup;
			children = (
				22857E5C235D26B500F8AF46 /* Base */,
			);
			name = Main.storyboard;
			sourceTree = "<group>";
		};
		22857E60235D26BC00F8AF46 /* LaunchScreen.storyboard */ = {
			isa = PBXVariantGroup;
			children = (
				22857E61235D26BC00F8AF46 /* Base */,
			);
			name = LaunchScreen.storyboard;
			sourceTree = "<group>";
		};
/* End PBXVariantGroup section */

/* Begin XCBuildConfiguration section */
		22857E7A235D26BC00F8AF46 /* Debug */ = {
			isa = XCBuildConfiguration;
			buildSettings = {
				ALWAYS_SEARCH_USER_PATHS = NO;
				CLANG_ANALYZER_NONNULL = YES;
				CLANG_ANALYZER_NUMBER_OBJECT_CONVERSION = YES_AGGRESSIVE;
				CLANG_CXX_LANGUAGE_STANDARD = "gnu++14";
				CLANG_CXX_LIBRARY = "libc++";
				CLANG_ENABLE_MODULES = YES;
				CLANG_ENABLE_OBJC_ARC = YES;
				CLANG_ENABLE_OBJC_WEAK = YES;
				CLANG_WARN_BLOCK_CAPTURE_AUTORELEASING = YES;
				CLANG_WARN_BOOL_CONVERSION = YES;
				CLANG_WARN_COMMA = YES;
				CLANG_WARN_CONSTANT_CONVERSION = YES;
				CLANG_WARN_DEPRECATED_OBJC_IMPLEMENTATIONS = YES;
				CLANG_WARN_DIRECT_OBJC_ISA_USAGE = YES_ERROR;
				CLANG_WARN_DOCUMENTATION_COMMENTS = YES;
				CLANG_WARN_EMPTY_BODY = YES;
				CLANG_WARN_ENUM_CONVERSION = YES;
				CLANG_WARN_INFINITE_RECURSION = YES;
				CLANG_WARN_INT_CONVERSION = YES;
				CLANG_WARN_NON_LITERAL_NULL_CONVERSION = YES;
				CLANG_WARN_OBJC_IMPLICIT_RETAIN_SELF = YES;
				CLANG_WARN_OBJC_LITERAL_CONVERSION = YES;
				CLANG_WARN_OBJC_ROOT_CLASS = YES_ERROR;
				CLANG_WARN_RANGE_LOOP_ANALYSIS = YES;
				CLANG_WARN_STRICT_PROTOTYPES = YES;
				CLANG_WARN_SUSPICIOUS_MOVE = YES;
				CLANG_WARN_UNGUARDED_AVAILABILITY = YES_AGGRESSIVE;
				CLANG_WARN_UNREACHABLE_CODE = YES;
				CLANG_WARN__DUPLICATE_METHOD_MATCH = YES;
				COPY_PHASE_STRIP = NO;
				DEBUG_INFORMATION_FORMAT = dwarf;
				ENABLE_STRICT_OBJC_MSGSEND = YES;
				ENABLE_TESTABILITY = YES;
				GCC_C_LANGUAGE_STANDARD = gnu11;
				GCC_DYNAMIC_NO_PIC = NO;
				GCC_NO_COMMON_BLOCKS = YES;
				GCC_OPTIMIZATION_LEVEL = 0;
				GCC_PREPROCESSOR_DEFINITIONS = (
					"DEBUG=1",
					"$(inherited)",
				);
				GCC_WARN_64_TO_32_BIT_CONVERSION = YES;
				GCC_WARN_ABOUT_RETURN_TYPE = YES_ERROR;
				GCC_WARN_UNDECLARED_SELECTOR = YES;
				GCC_WARN_UNINITIALIZED_AUTOS = YES_AGGRESSIVE;
				GCC_WARN_UNUSED_FUNCTION = YES;
				GCC_WARN_UNUSED_VARIABLE = YES;
				IPHONEOS_DEPLOYMENT_TARGET = 13.1;
				MTL_ENABLE_DEBUG_INFO = INCLUDE_SOURCE;
				MTL_FAST_MATH = YES;
				ONLY_ACTIVE_ARCH = YES;
				SDKROOT = iphoneos;
				SWIFT_ACTIVE_COMPILATION_CONDITIONS = DEBUG;
				SWIFT_OPTIMIZATION_LEVEL = "-Onone";
			};
			name = Debug;
		};
		22857E7B235D26BC00F8AF46 /* Release */ = {
			isa = XCBuildConfiguration;
			buildSettings = {
				ALWAYS_SEARCH_USER_PATHS = NO;
				CLANG_ANALYZER_NONNULL = YES;
				CLANG_ANALYZER_NUMBER_OBJECT_CONVERSION = YES_AGGRESSIVE;
				CLANG_CXX_LANGUAGE_STANDARD = "gnu++14";
				CLANG_CXX_LIBRARY = "libc++";
				CLANG_ENABLE_MODULES = YES;
				CLANG_ENABLE_OBJC_ARC = YES;
				CLANG_ENABLE_OBJC_WEAK = YES;
				CLANG_WARN_BLOCK_CAPTURE_AUTORELEASING = YES;
				CLANG_WARN_BOOL_CONVERSION = YES;
				CLANG_WARN_COMMA = YES;
				CLANG_WARN_CONSTANT_CONVERSION = YES;
				CLANG_WARN_DEPRECATED_OBJC_IMPLEMENTATIONS = YES;
				CLANG_WARN_DIRECT_OBJC_ISA_USAGE = YES_ERROR;
				CLANG_WARN_DOCUMENTATION_COMMENTS = YES;
				CLANG_WARN_EMPTY_BODY = YES;
				CLANG_WARN_ENUM_CONVERSION = YES;
				CLANG_WARN_INFINITE_RECURSION = YES;
				CLANG_WARN_INT_CONVERSION = YES;
				CLANG_WARN_NON_LITERAL_NULL_CONVERSION = YES;
				CLANG_WARN_OBJC_IMPLICIT_RETAIN_SELF = YES;
				CLANG_WARN_OBJC_LITERAL_CONVERSION = YES;
				CLANG_WARN_OBJC_ROOT_CLASS = YES_ERROR;
				CLANG_WARN_RANGE_LOOP_ANALYSIS = YES;
				CLANG_WARN_STRICT_PROTOTYPES = YES;
				CLANG_WARN_SUSPICIOUS_MOVE = YES;
				CLANG_WARN_UNGUARDED_AVAILABILITY = YES_AGGRESSIVE;
				CLANG_WARN_UNREACHABLE_CODE = YES;
				CLANG_WARN__DUPLICATE_METHOD_MATCH = YES;
				COPY_PHASE_STRIP = NO;
				DEBUG_INFORMATION_FORMAT = "dwarf-with-dsym";
				ENABLE_NS_ASSERTIONS = NO;
				ENABLE_STRICT_OBJC_MSGSEND = YES;
				GCC_C_LANGUAGE_STANDARD = gnu11;
				GCC_NO_COMMON_BLOCKS = YES;
				GCC_WARN_64_TO_32_BIT_CONVERSION = YES;
				GCC_WARN_ABOUT_RETURN_TYPE = YES_ERROR;
				GCC_WARN_UNDECLARED_SELECTOR = YES;
				GCC_WARN_UNINITIALIZED_AUTOS = YES_AGGRESSIVE;
				GCC_WARN_UNUSED_FUNCTION = YES;
				GCC_WARN_UNUSED_VARIABLE = YES;
				IPHONEOS_DEPLOYMENT_TARGET = 13.1;
				MTL_ENABLE_DEBUG_INFO = NO;
				MTL_FAST_MATH = YES;
				SDKROOT = iphoneos;
				SWIFT_COMPILATION_MODE = wholemodule;
				SWIFT_OPTIMIZATION_LEVEL = "-O";
				VALIDATE_PRODUCT = YES;
			};
			name = Release;
		};
		22857E7D235D26BC00F8AF46 /* Debug */ = {
			isa = XCBuildConfiguration;
			buildSettings = {
				ASSETCATALOG_COMPILER_APPICON_NAME = AppIcon;
				CODE_SIGN_STYLE = Automatic;
				DEVELOPMENT_TEAM = 9L7XHKAWB2;
				INFOPLIST_FILE = Concentration/Info.plist;
				LD_RUNPATH_SEARCH_PATHS = (
					"$(inherited)",
					"@executable_path/Frameworks",
				);
				PRODUCT_BUNDLE_IDENTIFIER = "Sam-G.Concentration";
				PRODUCT_NAME = "$(TARGET_NAME)";
				SWIFT_VERSION = 5.0;
				TARGETED_DEVICE_FAMILY = "1,2";
			};
			name = Debug;
		};
		22857E7E235D26BC00F8AF46 /* Release */ = {
			isa = XCBuildConfiguration;
			buildSettings = {
				ASSETCATALOG_COMPILER_APPICON_NAME = AppIcon;
				CODE_SIGN_STYLE = Automatic;
				DEVELOPMENT_TEAM = 9L7XHKAWB2;
				INFOPLIST_FILE = Concentration/Info.plist;
				LD_RUNPATH_SEARCH_PATHS = (
					"$(inherited)",
					"@executable_path/Frameworks",
				);
				PRODUCT_BUNDLE_IDENTIFIER = "Sam-G.Concentration";
				PRODUCT_NAME = "$(TARGET_NAME)";
				SWIFT_VERSION = 5.0;
				TARGETED_DEVICE_FAMILY = "1,2";
			};
			name = Release;
		};
		22857E80235D26BC00F8AF46 /* Debug */ = {
			isa = XCBuildConfiguration;
			buildSettings = {
				ALWAYS_EMBED_SWIFT_STANDARD_LIBRARIES = YES;
				BUNDLE_LOADER = "$(TEST_HOST)";
				CODE_SIGN_STYLE = Automatic;
				DEVELOPMENT_TEAM = X4H988BLB3;
				INFOPLIST_FILE = ConcentrationTests/Info.plist;
				IPHONEOS_DEPLOYMENT_TARGET = 13.1;
				LD_RUNPATH_SEARCH_PATHS = (
					"$(inherited)",
					"@executable_path/Frameworks",
					"@loader_path/Frameworks",
				);
				PRODUCT_BUNDLE_IDENTIFIER = "Sam-G.ConcentrationTests";
				PRODUCT_NAME = "$(TARGET_NAME)";
				SWIFT_VERSION = 5.0;
				TARGETED_DEVICE_FAMILY = "1,2";
				TEST_HOST = "$(BUILT_PRODUCTS_DIR)/Concentration.app/Concentration";
			};
			name = Debug;
		};
		22857E81235D26BC00F8AF46 /* Release */ = {
			isa = XCBuildConfiguration;
			buildSettings = {
				ALWAYS_EMBED_SWIFT_STANDARD_LIBRARIES = YES;
				BUNDLE_LOADER = "$(TEST_HOST)";
				CODE_SIGN_STYLE = Automatic;
				DEVELOPMENT_TEAM = X4H988BLB3;
				INFOPLIST_FILE = ConcentrationTests/Info.plist;
				IPHONEOS_DEPLOYMENT_TARGET = 13.1;
				LD_RUNPATH_SEARCH_PATHS = (
					"$(inherited)",
					"@executable_path/Frameworks",
					"@loader_path/Frameworks",
				);
				PRODUCT_BUNDLE_IDENTIFIER = "Sam-G.ConcentrationTests";
				PRODUCT_NAME = "$(TARGET_NAME)";
				SWIFT_VERSION = 5.0;
				TARGETED_DEVICE_FAMILY = "1,2";
				TEST_HOST = "$(BUILT_PRODUCTS_DIR)/Concentration.app/Concentration";
			};
			name = Release;
		};
		22857E83235D26BC00F8AF46 /* Debug */ = {
			isa = XCBuildConfiguration;
			buildSettings = {
				ALWAYS_EMBED_SWIFT_STANDARD_LIBRARIES = YES;
				CODE_SIGN_STYLE = Automatic;
				DEVELOPMENT_TEAM = X4H988BLB3;
				INFOPLIST_FILE = ConcentrationUITests/Info.plist;
				LD_RUNPATH_SEARCH_PATHS = (
					"$(inherited)",
					"@executable_path/Frameworks",
					"@loader_path/Frameworks",
				);
				PRODUCT_BUNDLE_IDENTIFIER = "Sam-G.ConcentrationUITests";
				PRODUCT_NAME = "$(TARGET_NAME)";
				SWIFT_VERSION = 5.0;
				TARGETED_DEVICE_FAMILY = "1,2";
				TEST_TARGET_NAME = Concentration;
			};
			name = Debug;
		};
		22857E84235D26BC00F8AF46 /* Release */ = {
			isa = XCBuildConfiguration;
			buildSettings = {
				ALWAYS_EMBED_SWIFT_STANDARD_LIBRARIES = YES;
				CODE_SIGN_STYLE = Automatic;
				DEVELOPMENT_TEAM = X4H988BLB3;
				INFOPLIST_FILE = ConcentrationUITests/Info.plist;
				LD_RUNPATH_SEARCH_PATHS = (
					"$(inherited)",
					"@executable_path/Frameworks",
					"@loader_path/Frameworks",
				);
				PRODUCT_BUNDLE_IDENTIFIER = "Sam-G.ConcentrationUITests";
				PRODUCT_NAME = "$(TARGET_NAME)";
				SWIFT_VERSION = 5.0;
				TARGETED_DEVICE_FAMILY = "1,2";
				TEST_TARGET_NAME = Concentration;
			};
			name = Release;
		};
/* End XCBuildConfiguration section */

/* Begin XCConfigurationList section */
		22857E4D235D26B500F8AF46 /* Build configuration list for PBXProject "Concentration" */ = {
			isa = XCConfigurationList;
			buildConfigurations = (
				22857E7A235D26BC00F8AF46 /* Debug */,
				22857E7B235D26BC00F8AF46 /* Release */,
			);
			defaultConfigurationIsVisible = 0;
			defaultConfigurationName = Release;
		};
		22857E7C235D26BC00F8AF46 /* Build configuration list for PBXNativeTarget "Concentration" */ = {
			isa = XCConfigurationList;
			buildConfigurations = (
				22857E7D235D26BC00F8AF46 /* Debug */,
				22857E7E235D26BC00F8AF46 /* Release */,
			);
			defaultConfigurationIsVisible = 0;
			defaultConfigurationName = Release;
		};
		22857E7F235D26BC00F8AF46 /* Build configuration list for PBXNativeTarget "ConcentrationTests" */ = {
			isa = XCConfigurationList;
			buildConfigurations = (
				22857E80235D26BC00F8AF46 /* Debug */,
				22857E81235D26BC00F8AF46 /* Release */,
			);
			defaultConfigurationIsVisible = 0;
			defaultConfigurationName = Release;
		};
		22857E82235D26BC00F8AF46 /* Build configuration list for PBXNativeTarget "ConcentrationUITests" */ = {
			isa = XCConfigurationList;
			buildConfigurations = (
				22857E83235D26BC00F8AF46 /* Debug */,
				22857E84235D26BC00F8AF46 /* Release */,
			);
			defaultConfigurationIsVisible = 0;
			defaultConfigurationName = Release;
		};
/* End XCConfigurationList section */
	};
	rootObject = 22857E4A235D26B500F8AF46 /* Project object */;
}
